
Microsoft Visual Studio Solution File, Format Version 12.00
# Visual Studio Version 17
VisualStudioVersion = 17.3.32929.385
MinimumVisualStudioVersion = 10.0.40219.1
Project("{FAE04EC0-301F-11D3-BF4B-00C04F79EFBC}") = "SpecializedProps", "SpecializedProps\SpecializedProps.csproj", "{365F80BE-2A6F-496D-9F09-BA2F2552A5ED}"
EndProject
Global
	GlobalSection(SolutionConfigurationPlatforms) = preSolution
		Debug|Any CPU = Debug|Any CPU
		Release|Any CPU = Release|Any CPU
	EndGlobalSection
	GlobalSection(ProjectConfigurationPlatforms) = postSolution
		{365F80BE-2A6F-496D-9F09-BA2F2552A5ED}.Debug|Any CPU.ActiveCfg = Debug|Any CPU
		{365F80BE-2A6F-496D-9F09-BA2F2552A5ED}.Debug|Any CPU.Build.0 = Debug|Any CPU
		{365F80BE-2A6F-496D-9F09-BA2F2552A5ED}.Release|Any CPU.ActiveCfg = Release|Any CPU
		{365F80BE-2A6F-496D-9F09-BA2F2552A5ED}.Release|Any CPU.Build.0 = Release|Any CPU
	EndGlobalSection
	GlobalSection(SolutionProperties) = preSolution
		HideSolutionNode = FALSE
	EndGlobalSection
	GlobalSection(ExtensibilityGlobals) = postSolution
		SolutionGuid = {1DD2C8A9-CD2D-4E9E-BEA1-1060A8B5C2DA}
	EndGlobalSection
EndGlobal
